
Microsoft Visual Studio Solution File, Format Version 12.00
# Visual Studio Version 17
VisualStudioVersion = 17.3.32708.82
MinimumVisualStudioVersion = 10.0.40219.1
Project("{9A19103F-16F7-4668-BE54-9A1E7A4F7556}") = "TGL-PRACTICE-BSURMINSKI", "TGL-PRACTICE-BSURMINSKI\TGL-PRACTICE-BSURMINSKI.csproj", "{BDE10FF3-89F2-4109-A405-F00571ED69EB}"
EndProject
Global
	GlobalSection(SolutionConfigurationPlatforms) = preSolution
		Debug|Any CPU = Debug|Any CPU
		Release|Any CPU = Release|Any CPU
	EndGlobalSection
	GlobalSection(ProjectConfigurationPlatforms) = postSolution
		{BDE10FF3-89F2-4109-A405-F00571ED69EB}.Debug|Any CPU.ActiveCfg = Debug|Any CPU
		{BDE10FF3-89F2-4109-A405-F00571ED69EB}.Debug|Any CPU.Build.0 = Debug|Any CPU
		{BDE10FF3-89F2-4109-A405-F00571ED69EB}.Release|Any CPU.ActiveCfg = Release|Any CPU
		{BDE10FF3-89F2-4109-A405-F00571ED69EB}.Release|Any CPU.Build.0 = Release|Any CPU
	EndGlobalSection
	GlobalSection(SolutionProperties) = preSolution
		HideSolutionNode = FALSE
	EndGlobalSection
	GlobalSection(ExtensibilityGlobals) = postSolution
		SolutionGuid = {C0EF0FF3-2188-4E76-A5DC-91D5D97B345F}
	EndGlobalSection
EndGlobal
